
Microsoft Visual Studio Solution File, Format Version 12.00
# Visual Studio 15
VisualStudioVersion = 15.0.26430.16
MinimumVisualStudioVersion = 10.0.40219.1
Project("{FAE04EC0-301F-11D3-BF4B-00C04F79EFBC}") = "PAM.UI", "src\PAM.UI\PAM.UI.csproj", "{B6AE2D60-3C2F-44D9-B6E5-FC3F2CBBB063}"
EndProject
Project("{FAE04EC0-301F-11D3-BF4B-00C04F79EFBC}") = "PAM.Core", "src\PAM.Core\PAM.Core.csproj", "{3A4FF6D5-316B-485C-B70F-AC1FC8055456}"
EndProject
Project("{FAE04EC0-301F-11D3-BF4B-00C04F79EFBC}") = "PAM.BackgroundProcess", "src\PAM.BackgroundProcess\PAM.BackgroundProcess.csproj", "{1316149D-5E8E-49CE-A9F5-4F08D9B91EA9}"
EndProject
Project("{FAE04EC0-301F-11D3-BF4B-00C04F79EFBC}") = "PAM.Setup", "src\PAM.Setup\PAM.Setup.csproj", "{A0D69229-EC26-40BC-8223-9E19E14830FF}"
EndProject
Global
	GlobalSection(SolutionConfigurationPlatforms) = preSolution
		Debug|Any CPU = Debug|Any CPU
		Release|Any CPU = Release|Any CPU
	EndGlobalSection
	GlobalSection(ProjectConfigurationPlatforms) = postSolution
		{B6AE2D60-3C2F-44D9-B6E5-FC3F2CBBB063}.Debug|Any CPU.ActiveCfg = Debug|Any CPU
		{B6AE2D60-3C2F-44D9-B6E5-FC3F2CBBB063}.Debug|Any CPU.Build.0 = Debug|Any CPU
		{B6AE2D60-3C2F-44D9-B6E5-FC3F2CBBB063}.Release|Any CPU.ActiveCfg = Release|Any CPU
		{B6AE2D60-3C2F-44D9-B6E5-FC3F2CBBB063}.Release|Any CPU.Build.0 = Release|Any CPU
		{3A4FF6D5-316B-485C-B70F-AC1FC8055456}.Debug|Any CPU.ActiveCfg = Debug|Any CPU
		{3A4FF6D5-316B-485C-B70F-AC1FC8055456}.Debug|Any CPU.Build.0 = Debug|Any CPU
		{3A4FF6D5-316B-485C-B70F-AC1FC8055456}.Release|Any CPU.ActiveCfg = Release|Any CPU
		{3A4FF6D5-316B-485C-B70F-AC1FC8055456}.Release|Any CPU.Build.0 = Release|Any CPU
		{1316149D-5E8E-49CE-A9F5-4F08D9B91EA9}.Debug|Any CPU.ActiveCfg = Debug|Any CPU
		{1316149D-5E8E-49CE-A9F5-4F08D9B91EA9}.Debug|Any CPU.Build.0 = Debug|Any CPU
		{1316149D-5E8E-49CE-A9F5-4F08D9B91EA9}.Release|Any CPU.ActiveCfg = Release|Any CPU
		{1316149D-5E8E-49CE-A9F5-4F08D9B91EA9}.Release|Any CPU.Build.0 = Release|Any CPU
		{A0D69229-EC26-40BC-8223-9E19E14830FF}.Debug|Any CPU.ActiveCfg = Debug|Any CPU
		{A0D69229-EC26-40BC-8223-9E19E14830FF}.Debug|Any CPU.Build.0 = Debug|Any CPU
		{A0D69229-EC26-40BC-8223-9E19E14830FF}.Release|Any CPU.ActiveCfg = Release|Any CPU
		{A0D69229-EC26-40BC-8223-9E19E14830FF}.Release|Any CPU.Build.0 = Release|Any CPU
	EndGlobalSection
	GlobalSection(SolutionProperties) = preSolution
		HideSolutionNode = FALSE
	EndGlobalSection
EndGlobal
